{
  "requires": true,
  "lockfileVersion": 1,
  "dependencies": {
    "angular2-websocket": {
      "version": "0.9.3",
      "resolved": "https://registry.npmjs.org/angular2-websocket/-/angular2-websocket-0.9.3.tgz",
      "integrity": "sha1-B6E6M1wGIzyH2Y3ElZNuBWhZJw8=",
      "requires": {
        "bluebird": "3.5.0"
      }
    },
    "angular2-websocket-service": {
      "version": "0.5.3",
      "resolved": "https://registry.npmjs.org/angular2-websocket-service/-/angular2-websocket-service-0.5.3.tgz",
      "integrity": "sha1-4Hose7EeeiCkJdPhPfR752/wlKA=",
      "requires": {
        "rxjs": "5.4.3"
      }
    },
    "bluebird": {
      "version": "3.5.0",
      "resolved": "https://registry.npmjs.org/bluebird/-/bluebird-3.5.0.tgz",
      "integrity": "sha1-eRQg1/VR7qKJdFOop3ZT+WYG1nw="
    },
    "rxjs": {
      "version": "5.4.3",
      "resolved": "https://registry.npmjs.org/rxjs/-/rxjs-5.4.3.tgz",
      "integrity": "sha512-fSNi+y+P9ss+EZuV0GcIIqPUK07DEaMRUtLJvdcvMyFjc9dizuDjere+A4V7JrLGnm9iCc+nagV/4QdMTkqC4A==",
      "requires": {
        "symbol-observable": "1.0.4"
      }
    },
    "safe-buffer": {
      "version": "5.1.1",
      "resolved": "https://registry.npmjs.org/safe-buffer/-/safe-buffer-5.1.1.tgz",
      "integrity": "sha512-kKvNJn6Mm93gAczWVJg7wH+wGYWNrDHdWvpUmHyEsgCtIwwo3bqPtV4tR5tuPaUhTOo/kvhVwd8XwwOllGYkbg=="
    },
    "symbol-observable": {
      "version": "1.0.4",
      "resolved": "https://registry.npmjs.org/symbol-observable/-/symbol-observable-1.0.4.tgz",
      "integrity": "sha1-Kb9hXUqnEhvdiYsi1LP5vE4qoD0="
    },
    "ultron": {
      "version": "1.1.0",
      "resolved": "https://registry.npmjs.org/ultron/-/ultron-1.1.0.tgz",
      "integrity": "sha1-sHoualQagV/Go0zNRTO67DB8qGQ="
    },
    "ws": {
      "version": "3.1.0",
      "resolved": "https://registry.npmjs.org/ws/-/ws-3.1.0.tgz",
      "integrity": "sha512-TU4/qKFlyQFqNITNWiqPCUY9GqlAhEotlzfcZcve6VT1YEngQl1dDMqwQQS3eMYruJ5r/UD3lcsWib6iVMDGDw==",
      "requires": {
        "safe-buffer": "5.1.1",
        "ultron": "1.1.0"
      }
    }
  }
}
